{
	"name": "ataraxia-services",
	"version": "0.4.4",
	"lockfileVersion": 1,
	"requires": true,
	"dependencies": {
		"ataraxia": {
			"version": "0.4.4",
			"resolved": "https://registry.npmjs.org/ataraxia/-/ataraxia-0.4.4.tgz",
			"integrity": "sha1-Zrfocc/YElWUxgB/ls0JrOA/W1Y=",
			"requires": {
				"debug": "3.1.0",
				"deep-equal": "1.0.1",
				"end-of-stream": "1.4.0",
				"msgpack-lite": "0.1.26"
			}
		},
		"debug": {
			"version": "3.1.0",
			"resolved": "https://registry.npmjs.org/debug/-/debug-3.1.0.tgz",
			"integrity": "sha1-W7WgZyYotkFJVmuhaBnmFRjGcmE=",
			"requires": {
				"ms": "2.0.0"
			}
		},
		"deep-equal": {
			"version": "1.0.1",
			"resolved": "https://registry.npmjs.org/deep-equal/-/deep-equal-1.0.1.tgz",
			"integrity": "sha1-9dJgKStmDghO/0zbyfCK0yR0SLU="
		},
		"end-of-stream": {
			"version": "1.4.0",
			"resolved": "https://registry.npmjs.org/end-of-stream/-/end-of-stream-1.4.0.tgz",
			"integrity": "sha1-epDYM+/abPpurA9JSduw+tOmMgY=",
			"requires": {
				"once": "1.4.0"
			}
		},
		"event-lite": {
			"version": "0.1.1",
			"resolved": "https://registry.npmjs.org/event-lite/-/event-lite-0.1.1.tgz",
			"integrity": "sha1-R88IqNN9C2lM23s7F7UfqsZXYIY="
		},
		"eventemitter2": {
			"version": "4.1.2",
			"resolved": "https://registry.npmjs.org/eventemitter2/-/eventemitter2-4.1.2.tgz",
			"integrity": "sha1-DhqEd6+CGm7zmVsxG/dMI6UkfxU="
		},
		"ieee754": {
			"version": "1.1.8",
			"resolved": "https://registry.npmjs.org/ieee754/-/ieee754-1.1.8.tgz",
			"integrity": "sha1-vjPUCsEO8ZJnAfbwii2G+/0a0+Q="
		},
		"int64-buffer": {
			"version": "0.1.10",
			"resolved": "https://registry.npmjs.org/int64-buffer/-/int64-buffer-0.1.10.tgz",
			"integrity": "sha1-J3siiofZWtd30HwTgyAiQGpHNCM="
		},
		"isarray": {
			"version": "1.0.0",
			"resolved": "https://registry.npmjs.org/isarray/-/isarray-1.0.0.tgz",
			"integrity": "sha1-u5NdSFgsuhaMBoNJV6VKPgcSTxE="
		},
		"ms": {
			"version": "2.0.0",
			"resolved": "https://registry.npmjs.org/ms/-/ms-2.0.0.tgz",
			"integrity": "sha1-VgiurfwAvmwpAd9fmGF4jeDVl8g="
		},
		"msgpack-lite": {
			"version": "0.1.26",
			"resolved": "https://registry.npmjs.org/msgpack-lite/-/msgpack-lite-0.1.26.tgz",
			"integrity": "sha1-3TxQsm8FnyXn7e42REGDWOKprYk=",
			"requires": {
				"event-lite": "0.1.1",
				"ieee754": "1.1.8",
				"int64-buffer": "0.1.10",
				"isarray": "1.0.0"
			}
		},
		"once": {
			"version": "1.4.0",
			"resolved": "https://registry.npmjs.org/once/-/once-1.4.0.tgz",
			"integrity": "sha1-WDsap3WWHUsROsF9nFC6753Xa9E=",
			"requires": {
				"wrappy": "1.0.2"
			}
		},
		"wrappy": {
			"version": "1.0.2",
			"resolved": "https://registry.npmjs.org/wrappy/-/wrappy-1.0.2.tgz",
			"integrity": "sha1-tSQ9jz7BqjXxNkYFvA0QNuMKtp8="
		}
	}
}
