{
	"requires": true,
	"lockfileVersion": 1,
	"dependencies": {
		"debug": {
			"version": "3.1.0",
			"resolved": "https://registry.npmjs.org/debug/-/debug-3.1.0.tgz",
			"integrity": "sha512-OX8XqP7/1a9cqkxYw2yXss15f26NKWBpDXQd0/uK/KPqdQhxbPa994hnzjcE2VqQpDslf55723cKPUOGSmMY3g==",
			"requires": {
				"ms": "2.0.0"
			}
		},
		"end-of-stream": {
			"version": "1.4.0",
			"resolved": "https://registry.npmjs.org/end-of-stream/-/end-of-stream-1.4.0.tgz",
			"integrity": "sha1-epDYM+/abPpurA9JSduw+tOmMgY=",
			"requires": {
				"once": "1.4.0"
			}
		},
		"ms": {
			"version": "2.0.0",
			"resolved": "https://registry.npmjs.org/ms/-/ms-2.0.0.tgz",
			"integrity": "sha1-VgiurfwAvmwpAd9fmGF4jeDVl8g="
		},
		"once": {
			"version": "1.4.0",
			"resolved": "https://registry.npmjs.org/once/-/once-1.4.0.tgz",
			"integrity": "sha1-WDsap3WWHUsROsF9nFC6753Xa9E=",
			"requires": {
				"wrappy": "1.0.2"
			}
		},
		"pidlockfile": {
			"version": "1.1.1",
			"resolved": "https://registry.npmjs.org/pidlockfile/-/pidlockfile-1.1.1.tgz",
			"integrity": "sha1-1nMS+zJt7rReVBmkfBQYd708yYw="
		},
		"stack-chain": {
			"version": "1.3.7",
			"resolved": "https://registry.npmjs.org/stack-chain/-/stack-chain-1.3.7.tgz",
			"integrity": "sha1-0ZLJ/06moiyUxN1FkXHj8AzqEoU="
		},
		"trace": {
			"version": "3.0.0",
			"resolved": "https://registry.npmjs.org/trace/-/trace-3.0.0.tgz",
			"integrity": "sha512-Y/OvRw6bkdw71vArBiPY0IdVmDPiKd4m0BOIWgSW0CwDdSL6hc6w4StIA8PiqJ7q1itLXmIkINzCQ7MKwiUzsg==",
			"requires": {
				"stack-chain": "1.3.7"
			}
		},
		"unix-socket-leader": {
			"version": "0.1.2",
			"resolved": "https://registry.npmjs.org/unix-socket-leader/-/unix-socket-leader-0.1.2.tgz",
			"integrity": "sha1-i0zsbT1cbCwwIyFewhDbo4Eilnk=",
			"requires": {
				"end-of-stream": "1.4.0",
				"pidlockfile": "1.1.1"
			}
		},
		"wrappy": {
			"version": "1.0.2",
			"resolved": "https://registry.npmjs.org/wrappy/-/wrappy-1.0.2.tgz",
			"integrity": "sha1-tSQ9jz7BqjXxNkYFvA0QNuMKtp8="
		}
	}
}
