{
	"requires": true,
	"lockfileVersion": 1,
	"dependencies": {
		"debug": {
			"version": "4.1.0",
			"resolved": "https://registry.npmjs.org/debug/-/debug-4.1.0.tgz",
			"integrity": "sha512-heNPJUJIqC+xB6ayLAMHaIrmN9HKa7aQO8MGqKpvCA+uJYVcvR6l5kgdrhRuwPFHU7P5/A1w0BjByPHwpfTDKg==",
			"requires": {
				"ms": "^2.1.1"
			}
		},
		"end-of-stream": {
			"version": "1.4.1",
			"resolved": "https://registry.npmjs.org/end-of-stream/-/end-of-stream-1.4.1.tgz",
			"integrity": "sha512-1MkrZNvWTKCaigbn+W15elq2BB/L22nqrSY5DKlo3X6+vclJm8Bb5djXJBmEX6fS3+zCh/F4VBK5Z2KxJt4s2Q==",
			"requires": {
				"once": "^1.4.0"
			}
		},
		"event-lite": {
			"version": "0.1.2",
			"resolved": "https://registry.npmjs.org/event-lite/-/event-lite-0.1.2.tgz",
			"integrity": "sha512-HnSYx1BsJ87/p6swwzv+2v6B4X+uxUteoDfRxsAb1S1BePzQqOLevVmkdA15GHJVd9A9Ok6wygUR18Hu0YeV9g=="
		},
		"ieee754": {
			"version": "1.1.12",
			"resolved": "https://registry.npmjs.org/ieee754/-/ieee754-1.1.12.tgz",
			"integrity": "sha512-GguP+DRY+pJ3soyIiGPTvdiVXjZ+DbXOxGpXn3eMvNW4x4irjqXm4wHKscC+TfxSJ0yw/S1F24tqdMNsMZTiLA=="
		},
		"int64-buffer": {
			"version": "0.1.10",
			"resolved": "https://registry.npmjs.org/int64-buffer/-/int64-buffer-0.1.10.tgz",
			"integrity": "sha1-J3siiofZWtd30HwTgyAiQGpHNCM="
		},
		"isarray": {
			"version": "1.0.0",
			"resolved": "https://registry.npmjs.org/isarray/-/isarray-1.0.0.tgz",
			"integrity": "sha1-u5NdSFgsuhaMBoNJV6VKPgcSTxE="
		},
		"local-machine-network": {
			"version": "0.2.0",
			"resolved": "https://registry.npmjs.org/local-machine-network/-/local-machine-network-0.2.0.tgz",
			"integrity": "sha512-42R+CFFyC8aPK+v1JyIye7PnpCSfnG7ARftEdjxoO6MN6LbaVNltdC0PITCyHWmqZcWIvSDQ8AKCI3oaZj+yhQ==",
			"requires": {
				"debug": "^4.1.0",
				"end-of-stream": "^1.4.1",
				"msgpack-lite": "^0.1.26",
				"pidlockfile": "^1.1.1"
			},
			"dependencies": {
				"debug": {
					"version": "4.1.0",
					"resolved": "https://registry.npmjs.org/debug/-/debug-4.1.0.tgz",
					"integrity": "sha512-heNPJUJIqC+xB6ayLAMHaIrmN9HKa7aQO8MGqKpvCA+uJYVcvR6l5kgdrhRuwPFHU7P5/A1w0BjByPHwpfTDKg==",
					"requires": {
						"ms": "^2.1.1"
					}
				},
				"ms": {
					"version": "2.1.1",
					"resolved": "https://registry.npmjs.org/ms/-/ms-2.1.1.tgz",
					"integrity": "sha512-tgp+dl5cGk28utYktBsrFqA7HKgrhgPsg6Z/EfhWI4gl1Hwq8B/GmY/0oXZ6nF8hDVesS/FpnYaD/kOWhYQvyg=="
				}
			}
		},
		"ms": {
			"version": "2.1.1",
			"resolved": "https://registry.npmjs.org/ms/-/ms-2.1.1.tgz",
			"integrity": "sha512-tgp+dl5cGk28utYktBsrFqA7HKgrhgPsg6Z/EfhWI4gl1Hwq8B/GmY/0oXZ6nF8hDVesS/FpnYaD/kOWhYQvyg=="
		},
		"msgpack-lite": {
			"version": "0.1.26",
			"resolved": "https://registry.npmjs.org/msgpack-lite/-/msgpack-lite-0.1.26.tgz",
			"integrity": "sha1-3TxQsm8FnyXn7e42REGDWOKprYk=",
			"requires": {
				"event-lite": "^0.1.1",
				"ieee754": "^1.1.8",
				"int64-buffer": "^0.1.9",
				"isarray": "^1.0.0"
			}
		},
		"once": {
			"version": "1.4.0",
			"resolved": "https://registry.npmjs.org/once/-/once-1.4.0.tgz",
			"integrity": "sha1-WDsap3WWHUsROsF9nFC6753Xa9E=",
			"requires": {
				"wrappy": "1"
			}
		},
		"pidlockfile": {
			"version": "1.1.1",
			"resolved": "https://registry.npmjs.org/pidlockfile/-/pidlockfile-1.1.1.tgz",
			"integrity": "sha1-1nMS+zJt7rReVBmkfBQYd708yYw="
		},
		"stack-chain": {
			"version": "2.0.0",
			"resolved": "https://registry.npmjs.org/stack-chain/-/stack-chain-2.0.0.tgz",
			"integrity": "sha512-GGrHXePi305aW7XQweYZZwiRwR7Js3MWoK/EHzzB9ROdc75nCnjSJVi21rdAGxFl+yCx2L2qdfl5y7NO4lTyqg=="
		},
		"trace": {
			"version": "3.1.0",
			"resolved": "https://registry.npmjs.org/trace/-/trace-3.1.0.tgz",
			"integrity": "sha512-TM3FY+Kbpz7E81J+AHqA6abcQ9+ExAer2Xw0qFBlPwqPfjooYjJ6KOe+B7Y8lbUc7W7xtRC0aH6lGgrXoo7/Ig==",
			"requires": {
				"stack-chain": "^2.0.0"
			}
		},
		"wrappy": {
			"version": "1.0.2",
			"resolved": "https://registry.npmjs.org/wrappy/-/wrappy-1.0.2.tgz",
			"integrity": "sha1-tSQ9jz7BqjXxNkYFvA0QNuMKtp8="
		}
	}
}
