{
	"requires": true,
	"lockfileVersion": 1,
	"dependencies": {
		"buffer-indexof": {
			"version": "1.1.1",
			"resolved": "https://registry.npmjs.org/buffer-indexof/-/buffer-indexof-1.1.1.tgz",
			"integrity": "sha512-4/rOEg86jivtPTeOUUT61jJO1Ya1TrR/OkqCSZDyq84WJh3LuuiphBYJN+fm5xufIk4XAFcEwte/8WzC8If/1g=="
		},
		"debug": {
			"version": "3.1.0",
			"resolved": "https://registry.npmjs.org/debug/-/debug-3.1.0.tgz",
			"integrity": "sha512-OX8XqP7/1a9cqkxYw2yXss15f26NKWBpDXQd0/uK/KPqdQhxbPa994hnzjcE2VqQpDslf55723cKPUOGSmMY3g==",
			"requires": {
				"ms": "2.0.0"
			}
		},
		"dns-packet": {
			"version": "1.2.2",
			"resolved": "https://registry.npmjs.org/dns-packet/-/dns-packet-1.2.2.tgz",
			"integrity": "sha512-kN+DjfGF7dJGUL7nWRktL9Z18t1rWP3aQlyZdY8XlpvU3Nc6GeFTQApftcjtWKxAZfiggZSGrCEoszNgvnpwDg==",
			"requires": {
				"ip": "1.1.5",
				"safe-buffer": "5.1.1"
			}
		},
		"dns-txt": {
			"version": "2.0.2",
			"resolved": "https://registry.npmjs.org/dns-txt/-/dns-txt-2.0.2.tgz",
			"integrity": "sha1-uR2Ab10nGI5Ks+fRB9iBocxGQrY=",
			"requires": {
				"buffer-indexof": "1.1.1"
			}
		},
		"end-of-stream": {
			"version": "1.4.0",
			"resolved": "https://registry.npmjs.org/end-of-stream/-/end-of-stream-1.4.0.tgz",
			"integrity": "sha1-epDYM+/abPpurA9JSduw+tOmMgY=",
			"requires": {
				"once": "1.4.0"
			}
		},
		"eventemitter3": {
			"version": "2.0.3",
			"resolved": "https://registry.npmjs.org/eventemitter3/-/eventemitter3-2.0.3.tgz",
			"integrity": "sha1-teEHm1n7XhuidxwKmTvgYKWMmbo="
		},
		"ip": {
			"version": "1.1.5",
			"resolved": "https://registry.npmjs.org/ip/-/ip-1.1.5.tgz",
			"integrity": "sha1-vd7XARQpCCjAoDnnLvJfWq7ENUo="
		},
		"ms": {
			"version": "2.0.0",
			"resolved": "https://registry.npmjs.org/ms/-/ms-2.0.0.tgz",
			"integrity": "sha1-VgiurfwAvmwpAd9fmGF4jeDVl8g="
		},
		"multicast-dns": {
			"version": "6.2.0",
			"resolved": "https://registry.npmjs.org/multicast-dns/-/multicast-dns-6.2.0.tgz",
			"integrity": "sha512-tnQqWkuWYHCOVRveiWQf+5KjHUnEmtxUycTy1esL4prQjXoT4qpndIS4fH63zObmHNxIHke3YHRnQrXYpXHf2A==",
			"requires": {
				"dns-packet": "1.2.2",
				"thunky": "0.1.0"
			}
		},
		"multicast-dns-service-types": {
			"version": "1.1.0",
			"resolved": "https://registry.npmjs.org/multicast-dns-service-types/-/multicast-dns-service-types-1.1.0.tgz",
			"integrity": "sha1-iZ8R2WhuXgXLkbNdXw5jt3PPyQE="
		},
		"once": {
			"version": "1.4.0",
			"resolved": "https://registry.npmjs.org/once/-/once-1.4.0.tgz",
			"integrity": "sha1-WDsap3WWHUsROsF9nFC6753Xa9E=",
			"requires": {
				"wrappy": "1.0.2"
			}
		},
		"safe-buffer": {
			"version": "5.1.1",
			"resolved": "https://registry.npmjs.org/safe-buffer/-/safe-buffer-5.1.1.tgz",
			"integrity": "sha512-kKvNJn6Mm93gAczWVJg7wH+wGYWNrDHdWvpUmHyEsgCtIwwo3bqPtV4tR5tuPaUhTOo/kvhVwd8XwwOllGYkbg=="
		},
		"thunky": {
			"version": "0.1.0",
			"resolved": "https://registry.npmjs.org/thunky/-/thunky-0.1.0.tgz",
			"integrity": "sha1-vzAUaCTituZ7Dy16Ssi+smkIaE4="
		},
		"tinkerhub-discovery": {
			"version": "0.3.0",
			"resolved": "https://registry.npmjs.org/tinkerhub-discovery/-/tinkerhub-discovery-0.3.0.tgz",
			"integrity": "sha512-YWHBvdoD4lr+kD1JLrnB6XI/NVtiNOwDW6Zv7FBcvmsm2GRAltFEOKIpUtHPf5vaQNKPBaqnwftk5/GjPDccbQ==",
			"requires": {
				"debug": "3.1.0",
				"eventemitter3": "2.0.3"
			}
		},
		"tinkerhub-mdns": {
			"version": "0.3.1",
			"resolved": "https://registry.npmjs.org/tinkerhub-mdns/-/tinkerhub-mdns-0.3.1.tgz",
			"integrity": "sha512-NVdzmBHD3DgMnkq/Ni5UoYm50V94BgGG57vrW9Xki0k1NRCZ3wQqjAa3ThN4KDCnAg4+ZFxfhJtBSXMhR6DlvQ==",
			"requires": {
				"debug": "3.1.0",
				"dns-txt": "2.0.2",
				"multicast-dns": "6.2.0",
				"multicast-dns-service-types": "1.1.0",
				"tinkerhub-discovery": "0.3.0"
			}
		},
		"wrappy": {
			"version": "1.0.2",
			"resolved": "https://registry.npmjs.org/wrappy/-/wrappy-1.0.2.tgz",
			"integrity": "sha1-tSQ9jz7BqjXxNkYFvA0QNuMKtp8="
		}
	}
}
